
Microsoft Visual Studio Solution File, Format Version 12.00
# Visual Studio Version 16
VisualStudioVersion = 16.0.33423.256
MinimumVisualStudioVersion = 10.0.40219.1
Project("{FAE04EC0-301F-11D3-BF4B-00C04F79EFBC}") = "Umbraco.Plugins.AdPreview", "Umbraco.Plugins.AdPreview\Umbraco.Plugins.AdPreview.csproj", "{52B8DFAE-D462-48E3-8C62-F4DC93F04306}"
EndProject
Project("{2150E333-8FDC-42A3-9474-1A3956D46DE8}") = "Solution Files", "Solution Files", "{F67258F8-E2CF-463D-8A39-9A838F000B1F}"
	ProjectSection(SolutionItems) = preProject
		.gitignore = .gitignore
		tools\createdPackages.config = tools\createdPackages.config
		info.txt = info.txt
		LICENSE = LICENSE
		README.md = README.md
		tools\TEMPLATE.nuspec = tools\TEMPLATE.nuspec
		assets\umbraco 7.png = assets\umbraco 7.png
		Umbraco.ico = Umbraco.ico
	EndProjectSection
EndProject
Project("{FAE04EC0-301F-11D3-BF4B-00C04F79EFBC}") = "Umbraco.Cms.Web.v7.15.10", "Umbraco.Cms.Web\Umbraco.Cms.Web.v7.15.10.csproj", "{80656B1F-313A-4A7F-93BE-AA3DFEC73C15}"
EndProject
Project("{FAE04EC0-301F-11D3-BF4B-00C04F79EFBC}") = "Umbraco.Plugins.SocialMediaChannels", "Umbraco.Plugins.SocialMediaChannels\Umbraco.Plugins.SocialMediaChannels.csproj", "{00BE2962-C5DC-413C-BA68-4EB4B0FCC462}"
EndProject
Project("{FAE04EC0-301F-11D3-BF4B-00C04F79EFBC}") = "Umbraco.Plugins.DefaultValue", "Umbraco.Plugins.DefaultValue\Umbraco.Plugins.DefaultValue.csproj", "{53DFA462-28CD-470E-A1C4-45845B62F577}"
EndProject
Project("{FAE04EC0-301F-11D3-BF4B-00C04F79EFBC}") = "Umbraco.Plugins.SimpleAnalytics", "Umbraco.Plugins.SimpleAnalytics\Umbraco.Plugins.SimpleAnalytics.csproj", "{C8B6A93A-1C0C-41AE-A2E7-8823F9CD6E71}"
EndProject
Project("{FAE04EC0-301F-11D3-BF4B-00C04F79EFBC}") = "Umbraco.Tools.ConfigurationActions", "Umbraco.Tools.ConfigurationActions\Umbraco.Tools.ConfigurationActions.csproj", "{A63C376B-66F8-467E-ACA4-4A960F3FF97E}"
EndProject
Project("{FAE04EC0-301F-11D3-BF4B-00C04F79EFBC}") = "Umbraco.Plugins.HideContent", "Umbraco.Plugins.HideContent\Umbraco.Plugins.HideContent.csproj", "{B16D403E-F11B-4915-909C-D6F740FF1D79}"
EndProject
Project("{FAE04EC0-301F-11D3-BF4B-00C04F79EFBC}") = "Umbraco.Plugins.CopyValue", "Umbraco.Plugins.CopyValue\Umbraco.Plugins.CopyValue.csproj", "{A1F5F511-1773-4CFE-920C-DD7D93220920}"
EndProject
Project("{FAE04EC0-301F-11D3-BF4B-00C04F79EFBC}") = "Umbraco.Plugins.CharLimit", "Umbraco.Plugins.CharLimit\Umbraco.Plugins.CharLimit.csproj", "{25C05478-6255-4A5E-9AB7-B9BA20479A69}"
EndProject
Project("{FAE04EC0-301F-11D3-BF4B-00C04F79EFBC}") = "Umbraco.Plugins.RestrictPage", "Umbraco.Plugins.RestrictPage\Umbraco.Plugins.RestrictPage.csproj", "{894ABB9E-7ED2-4A72-AC74-C0E02486A979}"
EndProject
Project("{FAE04EC0-301F-11D3-BF4B-00C04F79EFBC}") = "Umbraco.Plugins.YouTubePreview", "Umbraco.Plugins.YouTubePreview\Umbraco.Plugins.YouTubePreview.csproj", "{A43C5254-3CCC-4EE7-8C60-029F87732754}"
EndProject
Project("{FAE04EC0-301F-11D3-BF4B-00C04F79EFBC}") = "Umbraco.Plugins.OnOffButton", "Umbraco.Plugins.OnOffButton\Umbraco.Plugins.OnOffButton.csproj", "{F760D57D-B70C-42D6-B00C-60C9D252E0C1}"
EndProject
Project("{FAE04EC0-301F-11D3-BF4B-00C04F79EFBC}") = "Umbraco.Plugins.CustomLogin", "Umbraco.Plugins.CustomLogin\Umbraco.Plugins.CustomLogin.csproj", "{1FDFE250-D5D6-47C4-8596-4B60447B5FC0}"
EndProject
Global
	GlobalSection(SolutionConfigurationPlatforms) = preSolution
		Debug|Any CPU = Debug|Any CPU
		Release|Any CPU = Release|Any CPU
	EndGlobalSection
	GlobalSection(ProjectConfigurationPlatforms) = postSolution
		{52B8DFAE-D462-48E3-8C62-F4DC93F04306}.Debug|Any CPU.ActiveCfg = Debug|Any CPU
		{52B8DFAE-D462-48E3-8C62-F4DC93F04306}.Debug|Any CPU.Build.0 = Debug|Any CPU
		{52B8DFAE-D462-48E3-8C62-F4DC93F04306}.Release|Any CPU.ActiveCfg = Release|Any CPU
		{52B8DFAE-D462-48E3-8C62-F4DC93F04306}.Release|Any CPU.Build.0 = Release|Any CPU
		{80656B1F-313A-4A7F-93BE-AA3DFEC73C15}.Debug|Any CPU.ActiveCfg = Debug|Any CPU
		{80656B1F-313A-4A7F-93BE-AA3DFEC73C15}.Debug|Any CPU.Build.0 = Debug|Any CPU
		{80656B1F-313A-4A7F-93BE-AA3DFEC73C15}.Release|Any CPU.ActiveCfg = Release|Any CPU
		{80656B1F-313A-4A7F-93BE-AA3DFEC73C15}.Release|Any CPU.Build.0 = Release|Any CPU
		{00BE2962-C5DC-413C-BA68-4EB4B0FCC462}.Debug|Any CPU.ActiveCfg = Debug|Any CPU
		{00BE2962-C5DC-413C-BA68-4EB4B0FCC462}.Debug|Any CPU.Build.0 = Debug|Any CPU
		{00BE2962-C5DC-413C-BA68-4EB4B0FCC462}.Release|Any CPU.ActiveCfg = Release|Any CPU
		{00BE2962-C5DC-413C-BA68-4EB4B0FCC462}.Release|Any CPU.Build.0 = Release|Any CPU
		{53DFA462-28CD-470E-A1C4-45845B62F577}.Debug|Any CPU.ActiveCfg = Debug|Any CPU
		{53DFA462-28CD-470E-A1C4-45845B62F577}.Debug|Any CPU.Build.0 = Debug|Any CPU
		{53DFA462-28CD-470E-A1C4-45845B62F577}.Release|Any CPU.ActiveCfg = Release|Any CPU
		{53DFA462-28CD-470E-A1C4-45845B62F577}.Release|Any CPU.Build.0 = Release|Any CPU
		{C8B6A93A-1C0C-41AE-A2E7-8823F9CD6E71}.Debug|Any CPU.ActiveCfg = Debug|Any CPU
		{C8B6A93A-1C0C-41AE-A2E7-8823F9CD6E71}.Debug|Any CPU.Build.0 = Debug|Any CPU
		{C8B6A93A-1C0C-41AE-A2E7-8823F9CD6E71}.Release|Any CPU.ActiveCfg = Release|Any CPU
		{C8B6A93A-1C0C-41AE-A2E7-8823F9CD6E71}.Release|Any CPU.Build.0 = Release|Any CPU
		{A63C376B-66F8-467E-ACA4-4A960F3FF97E}.Debug|Any CPU.ActiveCfg = Debug|Any CPU
		{A63C376B-66F8-467E-ACA4-4A960F3FF97E}.Debug|Any CPU.Build.0 = Debug|Any CPU
		{A63C376B-66F8-467E-ACA4-4A960F3FF97E}.Release|Any CPU.ActiveCfg = Release|Any CPU
		{A63C376B-66F8-467E-ACA4-4A960F3FF97E}.Release|Any CPU.Build.0 = Release|Any CPU
		{B16D403E-F11B-4915-909C-D6F740FF1D79}.Debug|Any CPU.ActiveCfg = Debug|Any CPU
		{B16D403E-F11B-4915-909C-D6F740FF1D79}.Debug|Any CPU.Build.0 = Debug|Any CPU
		{B16D403E-F11B-4915-909C-D6F740FF1D79}.Release|Any CPU.ActiveCfg = Release|Any CPU
		{B16D403E-F11B-4915-909C-D6F740FF1D79}.Release|Any CPU.Build.0 = Release|Any CPU
		{A1F5F511-1773-4CFE-920C-DD7D93220920}.Debug|Any CPU.ActiveCfg = Debug|Any CPU
		{A1F5F511-1773-4CFE-920C-DD7D93220920}.Debug|Any CPU.Build.0 = Debug|Any CPU
		{A1F5F511-1773-4CFE-920C-DD7D93220920}.Release|Any CPU.ActiveCfg = Release|Any CPU
		{A1F5F511-1773-4CFE-920C-DD7D93220920}.Release|Any CPU.Build.0 = Release|Any CPU
		{25C05478-6255-4A5E-9AB7-B9BA20479A69}.Debug|Any CPU.ActiveCfg = Debug|Any CPU
		{25C05478-6255-4A5E-9AB7-B9BA20479A69}.Debug|Any CPU.Build.0 = Debug|Any CPU
		{25C05478-6255-4A5E-9AB7-B9BA20479A69}.Release|Any CPU.ActiveCfg = Release|Any CPU
		{25C05478-6255-4A5E-9AB7-B9BA20479A69}.Release|Any CPU.Build.0 = Release|Any CPU
		{894ABB9E-7ED2-4A72-AC74-C0E02486A979}.Debug|Any CPU.ActiveCfg = Debug|Any CPU
		{894ABB9E-7ED2-4A72-AC74-C0E02486A979}.Debug|Any CPU.Build.0 = Debug|Any CPU
		{894ABB9E-7ED2-4A72-AC74-C0E02486A979}.Release|Any CPU.ActiveCfg = Release|Any CPU
		{894ABB9E-7ED2-4A72-AC74-C0E02486A979}.Release|Any CPU.Build.0 = Release|Any CPU
		{A43C5254-3CCC-4EE7-8C60-029F87732754}.Debug|Any CPU.ActiveCfg = Debug|Any CPU
		{A43C5254-3CCC-4EE7-8C60-029F87732754}.Debug|Any CPU.Build.0 = Debug|Any CPU
		{A43C5254-3CCC-4EE7-8C60-029F87732754}.Release|Any CPU.ActiveCfg = Release|Any CPU
		{A43C5254-3CCC-4EE7-8C60-029F87732754}.Release|Any CPU.Build.0 = Release|Any CPU
		{F760D57D-B70C-42D6-B00C-60C9D252E0C1}.Debug|Any CPU.ActiveCfg = Debug|Any CPU
		{F760D57D-B70C-42D6-B00C-60C9D252E0C1}.Debug|Any CPU.Build.0 = Debug|Any CPU
		{F760D57D-B70C-42D6-B00C-60C9D252E0C1}.Release|Any CPU.ActiveCfg = Release|Any CPU
		{F760D57D-B70C-42D6-B00C-60C9D252E0C1}.Release|Any CPU.Build.0 = Release|Any CPU
		{1FDFE250-D5D6-47C4-8596-4B60447B5FC0}.Debug|Any CPU.ActiveCfg = Debug|Any CPU
		{1FDFE250-D5D6-47C4-8596-4B60447B5FC0}.Debug|Any CPU.Build.0 = Debug|Any CPU
		{1FDFE250-D5D6-47C4-8596-4B60447B5FC0}.Release|Any CPU.ActiveCfg = Release|Any CPU
		{1FDFE250-D5D6-47C4-8596-4B60447B5FC0}.Release|Any CPU.Build.0 = Release|Any CPU
	EndGlobalSection
	GlobalSection(SolutionProperties) = preSolution
		HideSolutionNode = FALSE
	EndGlobalSection
	GlobalSection(ExtensibilityGlobals) = postSolution
		SolutionGuid = {C41024B4-5F61-440F-8E21-F72A80D20FF8}
	EndGlobalSection
EndGlobal
